
Microsoft Visual Studio Solution File, Format Version 12.00
# Visual Studio Version 16
VisualStudioVersion = 16.0.29806.167
MinimumVisualStudioVersion = 10.0.40219.1
Project("{FAE04EC0-301F-11D3-BF4B-00C04F79EFBC}") = "TransportoNuoma", "TransportoNuoma\TransportoNuoma.csproj", "{BE843D5E-7DE8-479B-B7A4-70D6DF090359}"
EndProject
Global
	GlobalSection(SolutionConfigurationPlatforms) = preSolution
		Debug|Any CPU = Debug|Any CPU
		Release|Any CPU = Release|Any CPU
	EndGlobalSection
	GlobalSection(ProjectConfigurationPlatforms) = postSolution
		{BE843D5E-7DE8-479B-B7A4-70D6DF090359}.Debug|Any CPU.ActiveCfg = Debug|Any CPU
		{BE843D5E-7DE8-479B-B7A4-70D6DF090359}.Debug|Any CPU.Build.0 = Debug|Any CPU
		{BE843D5E-7DE8-479B-B7A4-70D6DF090359}.Release|Any CPU.ActiveCfg = Release|Any CPU
		{BE843D5E-7DE8-479B-B7A4-70D6DF090359}.Release|Any CPU.Build.0 = Release|Any CPU
	EndGlobalSection
	GlobalSection(SolutionProperties) = preSolution
		HideSolutionNode = FALSE
	EndGlobalSection
	GlobalSection(ExtensibilityGlobals) = postSolution
		SolutionGuid = {1226526D-3D05-4031-B9E2-35ACE20944CD}
	EndGlobalSection
EndGlobal
